
Microsoft Visual Studio Solution File, Format Version 12.00
# Visual Studio 14
VisualStudioVersion = 14.0.25420.1
MinimumVisualStudioVersion = 10.0.40219.1
Project("{FAE04EC0-301F-11D3-BF4B-00C04F79EFBC}") = "Ej1", "Ej1\Ej1.csproj", "{B3F41F40-8A60-4724-AD08-875646437D76}"
EndProject
Project("{FAE04EC0-301F-11D3-BF4B-00C04F79EFBC}") = "Ej2", "Ej2\Ej2.csproj", "{9A9277F4-FD7F-4D8B-B963-489CAD17E3C1}"
EndProject
Project("{FAE04EC0-301F-11D3-BF4B-00C04F79EFBC}") = "Ej4", "Ej4\Ej4.csproj", "{C904B40C-ACA5-471A-AB5D-9196F0262165}"
EndProject
Global
	GlobalSection(SolutionConfigurationPlatforms) = preSolution
		Debug|Any CPU = Debug|Any CPU
		Release|Any CPU = Release|Any CPU
	EndGlobalSection
	GlobalSection(ProjectConfigurationPlatforms) = postSolution
		{B3F41F40-8A60-4724-AD08-875646437D76}.Debug|Any CPU.ActiveCfg = Debug|Any CPU
		{B3F41F40-8A60-4724-AD08-875646437D76}.Debug|Any CPU.Build.0 = Debug|Any CPU
		{B3F41F40-8A60-4724-AD08-875646437D76}.Release|Any CPU.ActiveCfg = Release|Any CPU
		{B3F41F40-8A60-4724-AD08-875646437D76}.Release|Any CPU.Build.0 = Release|Any CPU
		{9A9277F4-FD7F-4D8B-B963-489CAD17E3C1}.Debug|Any CPU.ActiveCfg = Debug|Any CPU
		{9A9277F4-FD7F-4D8B-B963-489CAD17E3C1}.Debug|Any CPU.Build.0 = Debug|Any CPU
		{9A9277F4-FD7F-4D8B-B963-489CAD17E3C1}.Release|Any CPU.ActiveCfg = Release|Any CPU
		{9A9277F4-FD7F-4D8B-B963-489CAD17E3C1}.Release|Any CPU.Build.0 = Release|Any CPU
		{C904B40C-ACA5-471A-AB5D-9196F0262165}.Debug|Any CPU.ActiveCfg = Debug|Any CPU
		{C904B40C-ACA5-471A-AB5D-9196F0262165}.Debug|Any CPU.Build.0 = Debug|Any CPU
		{C904B40C-ACA5-471A-AB5D-9196F0262165}.Release|Any CPU.ActiveCfg = Release|Any CPU
		{C904B40C-ACA5-471A-AB5D-9196F0262165}.Release|Any CPU.Build.0 = Release|Any CPU
	EndGlobalSection
	GlobalSection(SolutionProperties) = preSolution
		HideSolutionNode = FALSE
	EndGlobalSection
EndGlobal
